// !$*UTF8*$!
{
	archiveVersion = 1;
	classes = {
	};
	objectVersion = 55;
	objects = {

/* Begin PBXBuildFile section */
		8AA6FB3F272B609A005E28F2 /* ACGApp.swift in Sources */ = {isa = PBXBuildFile; fileRef = 8AA6FB3E272B609A005E28F2 /* ACGApp.swift */; };
		8AA6FB41272B609A005E28F2 /* ContentView.swift in Sources */ = {isa = PBXBuildFile; fileRef = 8AA6FB40272B609A005E28F2 /* ContentView.swift */; };
		8AA6FB43272B609B005E28F2 /* Assets.xcassets in Resources */ = {isa = PBXBuildFile; fileRef = 8AA6FB42272B609B005E28F2 /* Assets.xcassets */; };
		8AA6FB46272B609B005E28F2 /* Preview Assets.xcassets in Resources */ = {isa = PBXBuildFile; fileRef = 8AA6FB45272B609B005E28F2 /* Preview Assets.xcassets */; };
		8AA6FB4E272B8759005E28F2 /* GPUPicker.swift in Sources */ = {isa = PBXBuildFile; fileRef = 8AA6FB4D272B8759005E28F2 /* GPUPicker.swift */; };
		8AF4C6C6273634A200B9EE1F /* CPUPicker.swift in Sources */ = {isa = PBXBuildFile; fileRef = 8AF4C6C5273634A200B9EE1F /* CPUPicker.swift */; };
		8AF4C6C827364C6B00B9EE1F /* ChipsetPicker.swift in Sources */ = {isa = PBXBuildFile; fileRef = 8AF4C6C727364C6B00B9EE1F /* ChipsetPicker.swift */; };
/* End PBXBuildFile section */

/* Begin PBXFileReference section */
		8AA6FB3B272B609A005E28F2 /* ACG.app */ = {isa = PBXFileReference; explicitFileType = wrapper.application; includeInIndex = 0; path = ACG.app; sourceTree = BUILT_PRODUCTS_DIR; };
		8AA6FB3E272B609A005E28F2 /* ACGApp.swift */ = {isa = PBXFileReference; lastKnownFileType = sourcecode.swift; path = ACGApp.swift; sourceTree = "<group>"; };
		8AA6FB40272B609A005E28F2 /* ContentView.swift */ = {isa = PBXFileReference; lastKnownFileType = sourcecode.swift; path = ContentView.swift; sourceTree = "<group>"; };
		8AA6FB42272B609B005E28F2 /* Assets.xcassets */ = {isa = PBXFileReference; lastKnownFileType = folder.assetcatalog; path = Assets.xcassets; sourceTree = "<group>"; };
		8AA6FB45272B609B005E28F2 /* Preview Assets.xcassets */ = {isa = PBXFileReference; lastKnownFileType = folder.assetcatalog; path = "Preview Assets.xcassets"; sourceTree = "<group>"; };
		8AA6FB47272B609B005E28F2 /* ACG.entitlements */ = {isa = PBXFileReference; lastKnownFileType = text.plist.entitlements; path = ACG.entitlements; sourceTree = "<group>"; };
		8AA6FB4D272B8759005E28F2 /* GPUPicker.swift */ = {isa = PBXFileReference; lastKnownFileType = sourcecode.swift; path = GPUPicker.swift; sourceTree = "<group>"; };
		8AF4C6C5273634A200B9EE1F /* CPUPicker.swift */ = {isa = PBXFileReference; lastKnownFileType = sourcecode.swift; path = CPUPicker.swift; sourceTree = "<group>"; };
		8AF4C6C727364C6B00B9EE1F /* ChipsetPicker.swift */ = {isa = PBXFileReference; lastKnownFileType = sourcecode.swift; path = ChipsetPicker.swift; sourceTree = "<group>"; };
/* End PBXFileReference section */

/* Begin PBXFrameworksBuildPhase section */
		8AA6FB38272B609A005E28F2 /* Frameworks */ = {
			isa = PBXFrameworksBuildPhase;
			buildActionMask = 2147483647;
			files = (
			);
			runOnlyForDeploymentPostprocessing = 0;
		};
/* End PBXFrameworksBuildPhase section */

/* Begin PBXGroup section */
		8AA6FB32272B609A005E28F2 = {
			isa = PBXGroup;
			children = (
				8AA6FB3D272B609A005E28F2 /* ACG */,
				8AA6FB3C272B609A005E28F2 /* Products */,
			);
			sourceTree = "<group>";
		};
		8AA6FB3C272B609A005E28F2 /* Products */ = {
			isa = PBXGroup;
			children = (
				8AA6FB3B272B609A005E28F2 /* ACG.app */,
			);
			name = Products;
			sourceTree = "<group>";
		};
		8AA6FB3D272B609A005E28F2 /* ACG */ = {
			isa = PBXGroup;
			children = (
				8AF4C6C727364C6B00B9EE1F /* ChipsetPicker.swift */,
				8AF4C6C5273634A200B9EE1F /* CPUPicker.swift */,
				8AA6FB3E272B609A005E28F2 /* ACGApp.swift */,
				8AA6FB40272B609A005E28F2 /* ContentView.swift */,
				8AA6FB4D272B8759005E28F2 /* GPUPicker.swift */,
				8AA6FB42272B609B005E28F2 /* Assets.xcassets */,
				8AA6FB47272B609B005E28F2 /* ACG.entitlements */,
				8AA6FB44272B609B005E28F2 /* Preview Content */,
			);
			path = ACG;
			sourceTree = "<group>";
		};
		8AA6FB44272B609B005E28F2 /* Preview Content */ = {
			isa = PBXGroup;
			children = (
				8AA6FB45272B609B005E28F2 /* Preview Assets.xcassets */,
			);
			path = "Preview Content";
			sourceTree = "<group>";
		};
/* End PBXGroup section */

/* Begin PBXNativeTarget section */
		8AA6FB3A272B609A005E28F2 /* ACG */ = {
			isa = PBXNativeTarget;
			buildConfigurationList = 8AA6FB4A272B609B005E28F2 /* Build configuration list for PBXNativeTarget "ACG" */;
			buildPhases = (
				8AA6FB37272B609A005E28F2 /* Sources */,
				8AA6FB38272B609A005E28F2 /* Frameworks */,
				8AA6FB39272B609A005E28F2 /* Resources */,
			);
			buildRules = (
			);
			dependencies = (
			);
			name = ACG;
			productName = ACG;
			productReference = 8AA6FB3B272B609A005E28F2 /* ACG.app */;
			productType = "com.apple.product-type.application";
		};
/* End PBXNativeTarget section */

/* Begin PBXProject section */
		8AA6FB33272B609A005E28F2 /* Project object */ = {
			isa = PBXProject;
			attributes = {
				BuildIndependentTargetsInParallel = 1;
				LastSwiftUpdateCheck = 1310;
				LastUpgradeCheck = 1310;
				TargetAttributes = {
					8AA6FB3A272B609A005E28F2 = {
						CreatedOnToolsVersion = 13.1;
					};
				};
			};
			buildConfigurationList = 8AA6FB36272B609A005E28F2 /* Build configuration list for PBXProject "ACG" */;
			compatibilityVersion = "Xcode 13.0";
			developmentRegion = en;
			hasScannedForEncodings = 0;
			knownRegions = (
				en,
				Base,
			);
			mainGroup = 8AA6FB32272B609A005E28F2;
			productRefGroup = 8AA6FB3C272B609A005E28F2 /* Products */;
			projectDirPath = "";
			projectRoot = "";
			targets = (
				8AA6FB3A272B609A005E28F2 /* ACG */,
			);
		};
/* End PBXProject section */

/* Begin PBXResourcesBuildPhase section */
		8AA6FB39272B609A005E28F2 /* Resources */ = {
			isa = PBXResourcesBuildPhase;
			buildActionMask = 2147483647;
			files = (
				8AA6FB46272B609B005E28F2 /* Preview Assets.xcassets in Resources */,
				8AA6FB43272B609B005E28F2 /* Assets.xcassets in Resources */,
			);
			runOnlyForDeploymentPostprocessing = 0;
		};
/* End PBXResourcesBuildPhase section */

/* Begin PBXSourcesBuildPhase section */
		8AA6FB37272B609A005E28F2 /* Sources */ = {
			isa = PBXSourcesBuildPhase;
			buildActionMask = 2147483647;
			files = (
				8AF4C6C6273634A200B9EE1F /* CPUPicker.swift in Sources */,
				8AF4C6C827364C6B00B9EE1F /* ChipsetPicker.swift in Sources */,
				8AA6FB4E272B8759005E28F2 /* GPUPicker.swift in Sources */,
				8AA6FB41272B609A005E28F2 /* ContentView.swift in Sources */,
				8AA6FB3F272B609A005E28F2 /* ACGApp.swift in Sources */,
			);
			runOnlyForDeploymentPostprocessing = 0;
		};
/* End PBXSourcesBuildPhase section */

/* Begin XCBuildConfiguration section */
		8AA6FB48272B609B005E28F2 /* Debug */ = {
			isa = XCBuildConfiguration;
			buildSettings = {
				ALWAYS_SEARCH_USER_PATHS = NO;
				CLANG_ANALYZER_NONNULL = YES;
				CLANG_ANALYZER_NUMBER_OBJECT_CONVERSION = YES_AGGRESSIVE;
				CLANG_CXX_LANGUAGE_STANDARD = "gnu++17";
				CLANG_CXX_LIBRARY = "libc++";
				CLANG_ENABLE_MODULES = YES;
				CLANG_ENABLE_OBJC_ARC = YES;
				CLANG_ENABLE_OBJC_WEAK = YES;
				CLANG_WARN_BLOCK_CAPTURE_AUTORELEASING = YES;
				CLANG_WARN_BOOL_CONVERSION = YES;
				CLANG_WARN_COMMA = YES;
				CLANG_WARN_CONSTANT_CONVERSION = YES;
				CLANG_WARN_DEPRECATED_OBJC_IMPLEMENTATIONS = YES;
				CLANG_WARN_DIRECT_OBJC_ISA_USAGE = YES_ERROR;
				CLANG_WARN_DOCUMENTATION_COMMENTS = YES;
				CLANG_WARN_EMPTY_BODY = YES;
				CLANG_WARN_ENUM_CONVERSION = YES;
				CLANG_WARN_INFINITE_RECURSION = YES;
				CLANG_WARN_INT_CONVERSION = YES;
				CLANG_WARN_NON_LITERAL_NULL_CONVERSION = YES;
				CLANG_WARN_OBJC_IMPLICIT_RETAIN_SELF = YES;
				CLANG_WARN_OBJC_LITERAL_CONVERSION = YES;
				CLANG_WARN_OBJC_ROOT_CLASS = YES_ERROR;
				CLANG_WARN_QUOTED_INCLUDE_IN_FRAMEWORK_HEADER = YES;
				CLANG_WARN_RANGE_LOOP_ANALYSIS = YES;
				CLANG_WARN_STRICT_PROTOTYPES = YES;
				CLANG_WARN_SUSPICIOUS_MOVE = YES;
				CLANG_WARN_UNGUARDED_AVAILABILITY = YES_AGGRESSIVE;
				CLANG_WARN_UNREACHABLE_CODE = YES;
				CLANG_WARN__DUPLICATE_METHOD_MATCH = YES;
				COPY_PHASE_STRIP = NO;
				DEBUG_INFORMATION_FORMAT = dwarf;
				ENABLE_STRICT_OBJC_MSGSEND = YES;
				ENABLE_TESTABILITY = YES;
				GCC_C_LANGUAGE_STANDARD = gnu11;
				GCC_DYNAMIC_NO_PIC = NO;
				GCC_NO_COMMON_BLOCKS = YES;
				GCC_OPTIMIZATION_LEVEL = 0;
				GCC_PREPROCESSOR_DEFINITIONS = (
					"DEBUG=1",
					"$(inherited)",
				);
				GCC_WARN_64_TO_32_BIT_CONVERSION = YES;
				GCC_WARN_ABOUT_RETURN_TYPE = YES_ERROR;
				GCC_WARN_UNDECLARED_SELECTOR = YES;
				GCC_WARN_UNINITIALIZED_AUTOS = YES_AGGRESSIVE;
				GCC_WARN_UNUSED_FUNCTION = YES;
				GCC_WARN_UNUSED_VARIABLE = YES;
				MACOSX_DEPLOYMENT_TARGET = 12.0;
				MTL_ENABLE_DEBUG_INFO = INCLUDE_SOURCE;
				MTL_FAST_MATH = YES;
				ONLY_ACTIVE_ARCH = YES;
				SDKROOT = macosx;
				SWIFT_ACTIVE_COMPILATION_CONDITIONS = DEBUG;
				SWIFT_OPTIMIZATION_LEVEL = "-Onone";
			};
			name = Debug;
		};
		8AA6FB49272B609B005E28F2 /* Release */ = {
			isa = XCBuildConfiguration;
			buildSettings = {
				ALWAYS_SEARCH_USER_PATHS = NO;
				CLANG_ANALYZER_NONNULL = YES;
				CLANG_ANALYZER_NUMBER_OBJECT_CONVERSION = YES_AGGRESSIVE;
				CLANG_CXX_LANGUAGE_STANDARD = "gnu++17";
				CLANG_CXX_LIBRARY = "libc++";
				CLANG_ENABLE_MODULES = YES;
				CLANG_ENABLE_OBJC_ARC = YES;
				CLANG_ENABLE_OBJC_WEAK = YES;
				CLANG_WARN_BLOCK_CAPTURE_AUTORELEASING = YES;
				CLANG_WARN_BOOL_CONVERSION = YES;
				CLANG_WARN_COMMA = YES;
				CLANG_WARN_CONSTANT_CONVERSION = YES;
				CLANG_WARN_DEPRECATED_OBJC_IMPLEMENTATIONS = YES;
				CLANG_WARN_DIRECT_OBJC_ISA_USAGE = YES_ERROR;
				CLANG_WARN_DOCUMENTATION_COMMENTS = YES;
				CLANG_WARN_EMPTY_BODY = YES;
				CLANG_WARN_ENUM_CONVERSION = YES;
				CLANG_WARN_INFINITE_RECURSION = YES;
				CLANG_WARN_INT_CONVERSION = YES;
				CLANG_WARN_NON_LITERAL_NULL_CONVERSION = YES;
				CLANG_WARN_OBJC_IMPLICIT_RETAIN_SELF = YES;
				CLANG_WARN_OBJC_LITERAL_CONVERSION = YES;
				CLANG_WARN_OBJC_ROOT_CLASS = YES_ERROR;
				CLANG_WARN_QUOTED_INCLUDE_IN_FRAMEWORK_HEADER = YES;
				CLANG_WARN_RANGE_LOOP_ANALYSIS = YES;
				CLANG_WARN_STRICT_PROTOTYPES = YES;
				CLANG_WARN_SUSPICIOUS_MOVE = YES;
				CLANG_WARN_UNGUARDED_AVAILABILITY = YES_AGGRESSIVE;
				CLANG_WARN_UNREACHABLE_CODE = YES;
				CLANG_WARN__DUPLICATE_METHOD_MATCH = YES;
				COPY_PHASE_STRIP = NO;
				DEBUG_INFORMATION_FORMAT = "dwarf-with-dsym";
				ENABLE_NS_ASSERTIONS = NO;
				ENABLE_STRICT_OBJC_MSGSEND = YES;
				GCC_C_LANGUAGE_STANDARD = gnu11;
				GCC_NO_COMMON_BLOCKS = YES;
				GCC_WARN_64_TO_32_BIT_CONVERSION = YES;
				GCC_WARN_ABOUT_RETURN_TYPE = YES_ERROR;
				GCC_WARN_UNDECLARED_SELECTOR = YES;
				GCC_WARN_UNINITIALIZED_AUTOS = YES_AGGRESSIVE;
				GCC_WARN_UNUSED_FUNCTION = YES;
				GCC_WARN_UNUSED_VARIABLE = YES;
				MACOSX_DEPLOYMENT_TARGET = 12.0;
				MTL_ENABLE_DEBUG_INFO = NO;
				MTL_FAST_MATH = YES;
				SDKROOT = macosx;
				SWIFT_COMPILATION_MODE = wholemodule;
				SWIFT_OPTIMIZATION_LEVEL = "-O";
			};
			name = Release;
		};
		8AA6FB4B272B609B005E28F2 /* Debug */ = {
			isa = XCBuildConfiguration;
			buildSettings = {
				ASSETCATALOG_COMPILER_APPICON_NAME = AppIcon;
				ASSETCATALOG_COMPILER_GLOBAL_ACCENT_COLOR_NAME = AccentColor;
				CODE_SIGN_ENTITLEMENTS = ACG/ACG.entitlements;
				CODE_SIGN_IDENTITY = "Apple Development";
				CODE_SIGN_STYLE = Automatic;
				COMBINE_HIDPI_IMAGES = YES;
				CURRENT_PROJECT_VERSION = 1;
				DEVELOPMENT_ASSET_PATHS = "\"ACG/Preview Content\"";
				DEVELOPMENT_TEAM = HU5YG39P29;
				ENABLE_HARDENED_RUNTIME = YES;
				ENABLE_PREVIEWS = YES;
				GENERATE_INFOPLIST_FILE = YES;
				INFOPLIST_KEY_LSApplicationCategoryType = "public.app-category.developer-tools";
				INFOPLIST_KEY_NSHumanReadableCopyright = "";
				LD_RUNPATH_SEARCH_PATHS = (
					"$(inherited)",
					"@executable_path/../Frameworks",
				);
				MACOSX_DEPLOYMENT_TARGET = 12.0;
				MARKETING_VERSION = 1.0;
				PRODUCT_BUNDLE_IDENTIFIER = com.alyxferrari.acg;
				PRODUCT_NAME = "$(TARGET_NAME)";
				PROVISIONING_PROFILE_SPECIFIER = "";
				SWIFT_EMIT_LOC_STRINGS = YES;
				SWIFT_VERSION = 5.0;
			};
			name = Debug;
		};
		8AA6FB4C272B609B005E28F2 /* Release */ = {
			isa = XCBuildConfiguration;
			buildSettings = {
				ASSETCATALOG_COMPILER_APPICON_NAME = AppIcon;
				ASSETCATALOG_COMPILER_GLOBAL_ACCENT_COLOR_NAME = AccentColor;
				CODE_SIGN_ENTITLEMENTS = ACG/ACG.entitlements;
				CODE_SIGN_IDENTITY = "Apple Development";
				CODE_SIGN_STYLE = Automatic;
				COMBINE_HIDPI_IMAGES = YES;
				CURRENT_PROJECT_VERSION = 1;
				DEVELOPMENT_ASSET_PATHS = "\"ACG/Preview Content\"";
				DEVELOPMENT_TEAM = HU5YG39P29;
				ENABLE_HARDENED_RUNTIME = YES;
				ENABLE_PREVIEWS = YES;
				GENERATE_INFOPLIST_FILE = YES;
				INFOPLIST_KEY_LSApplicationCategoryType = "public.app-category.developer-tools";
				INFOPLIST_KEY_NSHumanReadableCopyright = "";
				LD_RUNPATH_SEARCH_PATHS = (
					"$(inherited)",
					"@executable_path/../Frameworks",
				);
				MACOSX_DEPLOYMENT_TARGET = 12.0;
				MARKETING_VERSION = 1.0;
				PRODUCT_BUNDLE_IDENTIFIER = com.alyxferrari.acg;
				PRODUCT_NAME = "$(TARGET_NAME)";
				PROVISIONING_PROFILE_SPECIFIER = "";
				SWIFT_EMIT_LOC_STRINGS = YES;
				SWIFT_VERSION = 5.0;
			};
			name = Release;
		};
/* End XCBuildConfiguration section */

/* Begin XCConfigurationList section */
		8AA6FB36272B609A005E28F2 /* Build configuration list for PBXProject "ACG" */ = {
			isa = XCConfigurationList;
			buildConfigurations = (
				8AA6FB48272B609B005E28F2 /* Debug */,
				8AA6FB49272B609B005E28F2 /* Release */,
			);
			defaultConfigurationIsVisible = 0;
			defaultConfigurationName = Release;
		};
		8AA6FB4A272B609B005E28F2 /* Build configuration list for PBXNativeTarget "ACG" */ = {
			isa = XCConfigurationList;
			buildConfigurations = (
				8AA6FB4B272B609B005E28F2 /* Debug */,
				8AA6FB4C272B609B005E28F2 /* Release */,
			);
			defaultConfigurationIsVisible = 0;
			defaultConfigurationName = Release;
		};
/* End XCConfigurationList section */
	};
	rootObject = 8AA6FB33272B609A005E28F2 /* Project object */;
}
